// !$*UTF8*$!
{
	archiveVersion = 1;
	classes = {
	};
	objectVersion = 46;
	objects = {

/* Begin PBXBuildFile section */
		1E0637741B5CBB7C009E9063 /* XBeaconManager.swift in Sources */ = {isa = PBXBuildFile; fileRef = 1E0637731B5CBB7C009E9063 /* XBeaconManager.swift */; };
		1E4B15461B5D25DF009226D7 /* XBTableViewController.swift in Sources */ = {isa = PBXBuildFile; fileRef = 1E4B15451B5D25DF009226D7 /* XBTableViewController.swift */; };
		1E4B15481B5D2ACF009226D7 /* ArrayDataSource.swift in Sources */ = {isa = PBXBuildFile; fileRef = 1E4B15471B5D2ACF009226D7 /* ArrayDataSource.swift */; };
		1E4B154B1B5D46E5009226D7 /* AntiLostViewController.swift in Sources */ = {isa = PBXBuildFile; fileRef = 1E4B154A1B5D46E5009226D7 /* AntiLostViewController.swift */; };
		1E4B154D1B5D46F2009226D7 /* RegionViewController.swift in Sources */ = {isa = PBXBuildFile; fileRef = 1E4B154C1B5D46F2009226D7 /* RegionViewController.swift */; };
		1E4B154F1B5D492C009226D7 /* Utility.swift in Sources */ = {isa = PBXBuildFile; fileRef = 1E4B154E1B5D492C009226D7 /* Utility.swift */; };
		1E77573E1B5B9AB2004EF4D9 /* AppDelegate.swift in Sources */ = {isa = PBXBuildFile; fileRef = 1E77573D1B5B9AB2004EF4D9 /* AppDelegate.swift */; };
		1E7757401B5B9AB2004EF4D9 /* ViewController.swift in Sources */ = {isa = PBXBuildFile; fileRef = 1E77573F1B5B9AB2004EF4D9 /* ViewController.swift */; };
		1E7757431B5B9AB2004EF4D9 /* Main.storyboard in Resources */ = {isa = PBXBuildFile; fileRef = 1E7757411B5B9AB2004EF4D9 /* Main.storyboard */; };
		1E7757451B5B9AB2004EF4D9 /* Assets.xcassets in Resources */ = {isa = PBXBuildFile; fileRef = 1E7757441B5B9AB2004EF4D9 /* Assets.xcassets */; };
		1E7757481B5B9AB2004EF4D9 /* LaunchScreen.storyboard in Resources */ = {isa = PBXBuildFile; fileRef = 1E7757461B5B9AB2004EF4D9 /* LaunchScreen.storyboard */; };
		1E7757531B5B9AB2004EF4D9 /* XBeaconTests.swift in Sources */ = {isa = PBXBuildFile; fileRef = 1E7757521B5B9AB2004EF4D9 /* XBeaconTests.swift */; };
		1E77575E1B5B9AB3004EF4D9 /* XBeaconUITests.swift in Sources */ = {isa = PBXBuildFile; fileRef = 1E77575D1B5B9AB3004EF4D9 /* XBeaconUITests.swift */; };
/* End PBXBuildFile section */

/* Begin PBXContainerItemProxy section */
		1E77574F1B5B9AB2004EF4D9 /* PBXContainerItemProxy */ = {
			isa = PBXContainerItemProxy;
			containerPortal = 1E7757321B5B9AB2004EF4D9 /* Project object */;
			proxyType = 1;
			remoteGlobalIDString = 1E7757391B5B9AB2004EF4D9;
			remoteInfo = XBeacon;
		};
		1E77575A1B5B9AB3004EF4D9 /* PBXContainerItemProxy */ = {
			isa = PBXContainerItemProxy;
			containerPortal = 1E7757321B5B9AB2004EF4D9 /* Project object */;
			proxyType = 1;
			remoteGlobalIDString = 1E7757391B5B9AB2004EF4D9;
			remoteInfo = XBeacon;
		};
/* End PBXContainerItemProxy section */

/* Begin PBXFileReference section */
		1E0637731B5CBB7C009E9063 /* XBeaconManager.swift */ = {isa = PBXFileReference; fileEncoding = 4; lastKnownFileType = sourcecode.swift; path = XBeaconManager.swift; sourceTree = "<group>"; };
		1E4B15451B5D25DF009226D7 /* XBTableViewController.swift */ = {isa = PBXFileReference; fileEncoding = 4; lastKnownFileType = sourcecode.swift; path = XBTableViewController.swift; sourceTree = "<group>"; };
		1E4B15471B5D2ACF009226D7 /* ArrayDataSource.swift */ = {isa = PBXFileReference; fileEncoding = 4; lastKnownFileType = sourcecode.swift; path = ArrayDataSource.swift; sourceTree = "<group>"; };
		1E4B154A1B5D46E5009226D7 /* AntiLostViewController.swift */ = {isa = PBXFileReference; fileEncoding = 4; lastKnownFileType = sourcecode.swift; path = AntiLostViewController.swift; sourceTree = "<group>"; };
		1E4B154C1B5D46F2009226D7 /* RegionViewController.swift */ = {isa = PBXFileReference; fileEncoding = 4; lastKnownFileType = sourcecode.swift; path = RegionViewController.swift; sourceTree = "<group>"; };
		1E4B154E1B5D492C009226D7 /* Utility.swift */ = {isa = PBXFileReference; fileEncoding = 4; lastKnownFileType = sourcecode.swift; path = Utility.swift; sourceTree = "<group>"; };
		1E77573A1B5B9AB2004EF4D9 /* XBeacon.app */ = {isa = PBXFileReference; explicitFileType = wrapper.application; includeInIndex = 0; path = XBeacon.app; sourceTree = BUILT_PRODUCTS_DIR; };
		1E77573D1B5B9AB2004EF4D9 /* AppDelegate.swift */ = {isa = PBXFileReference; lastKnownFileType = sourcecode.swift; path = AppDelegate.swift; sourceTree = "<group>"; };
		1E77573F1B5B9AB2004EF4D9 /* ViewController.swift */ = {isa = PBXFileReference; lastKnownFileType = sourcecode.swift; path = ViewController.swift; sourceTree = "<group>"; };
		1E7757421B5B9AB2004EF4D9 /* Base */ = {isa = PBXFileReference; lastKnownFileType = file.storyboard; name = Base; path = Base.lproj/Main.storyboard; sourceTree = "<group>"; };
		1E7757441B5B9AB2004EF4D9 /* Assets.xcassets */ = {isa = PBXFileReference; lastKnownFileType = folder.assetcatalog; path = Assets.xcassets; sourceTree = "<group>"; };
		1E7757471B5B9AB2004EF4D9 /* Base */ = {isa = PBXFileReference; lastKnownFileType = file.storyboard; name = Base; path = Base.lproj/LaunchScreen.storyboard; sourceTree = "<group>"; };
		1E7757491B5B9AB2004EF4D9 /* Info.plist */ = {isa = PBXFileReference; lastKnownFileType = text.plist.xml; path = Info.plist; sourceTree = "<group>"; };
		1E77574E1B5B9AB2004EF4D9 /* XBeaconTests.xctest */ = {isa = PBXFileReference; explicitFileType = wrapper.cfbundle; includeInIndex = 0; path = XBeaconTests.xctest; sourceTree = BUILT_PRODUCTS_DIR; };
		1E7757521B5B9AB2004EF4D9 /* XBeaconTests.swift */ = {isa = PBXFileReference; lastKnownFileType = sourcecode.swift; path = XBeaconTests.swift; sourceTree = "<group>"; };
		1E7757541B5B9AB2004EF4D9 /* Info.plist */ = {isa = PBXFileReference; lastKnownFileType = text.plist.xml; path = Info.plist; sourceTree = "<group>"; };
		1E7757591B5B9AB3004EF4D9 /* XBeaconUITests.xctest */ = {isa = PBXFileReference; explicitFileType = wrapper.cfbundle; includeInIndex = 0; path = XBeaconUITests.xctest; sourceTree = BUILT_PRODUCTS_DIR; };
		1E77575D1B5B9AB3004EF4D9 /* XBeaconUITests.swift */ = {isa = PBXFileReference; lastKnownFileType = sourcecode.swift; path = XBeaconUITests.swift; sourceTree = "<group>"; };
		1E77575F1B5B9AB3004EF4D9 /* Info.plist */ = {isa = PBXFileReference; lastKnownFileType = text.plist.xml; path = Info.plist; sourceTree = "<group>"; };
/* End PBXFileReference section */

/* Begin PBXFrameworksBuildPhase section */
		1E7757371B5B9AB2004EF4D9 /* Frameworks */ = {
			isa = PBXFrameworksBuildPhase;
			buildActionMask = 2147483647;
			files = (
			);
			runOnlyForDeploymentPostprocessing = 0;
		};
		1E77574B1B5B9AB2004EF4D9 /* Frameworks */ = {
			isa = PBXFrameworksBuildPhase;
			buildActionMask = 2147483647;
			files = (
			);
			runOnlyForDeploymentPostprocessing = 0;
		};
		1E7757561B5B9AB3004EF4D9 /* Frameworks */ = {
			isa = PBXFrameworksBuildPhase;
			buildActionMask = 2147483647;
			files = (
			);
			runOnlyForDeploymentPostprocessing = 0;
		};
/* End PBXFrameworksBuildPhase section */

/* Begin PBXGroup section */
		1E7757311B5B9AB2004EF4D9 = {
			isa = PBXGroup;
			children = (
				1E77573C1B5B9AB2004EF4D9 /* XBeacon */,
				1E7757511B5B9AB2004EF4D9 /* XBeaconTests */,
				1E77575C1B5B9AB3004EF4D9 /* XBeaconUITests */,
				1E77573B1B5B9AB2004EF4D9 /* Products */,
			);
			sourceTree = "<group>";
		};
		1E77573B1B5B9AB2004EF4D9 /* Products */ = {
			isa = PBXGroup;
			children = (
				1E77573A1B5B9AB2004EF4D9 /* XBeacon.app */,
				1E77574E1B5B9AB2004EF4D9 /* XBeaconTests.xctest */,
				1E7757591B5B9AB3004EF4D9 /* XBeaconUITests.xctest */,
			);
			name = Products;
			sourceTree = "<group>";
		};
		1E77573C1B5B9AB2004EF4D9 /* XBeacon */ = {
			isa = PBXGroup;
			children = (
				1E77573D1B5B9AB2004EF4D9 /* AppDelegate.swift */,
				1E77573F1B5B9AB2004EF4D9 /* ViewController.swift */,
				1E7757411B5B9AB2004EF4D9 /* Main.storyboard */,
				1E4B15451B5D25DF009226D7 /* XBTableViewController.swift */,
				1E0637731B5CBB7C009E9063 /* XBeaconManager.swift */,
				1E4B154A1B5D46E5009226D7 /* AntiLostViewController.swift */,
				1E4B154C1B5D46F2009226D7 /* RegionViewController.swift */,
				1E4B154E1B5D492C009226D7 /* Utility.swift */,
				1E4B15471B5D2ACF009226D7 /* ArrayDataSource.swift */,
				1E7757441B5B9AB2004EF4D9 /* Assets.xcassets */,
				1E7757461B5B9AB2004EF4D9 /* LaunchScreen.storyboard */,
				1E7757491B5B9AB2004EF4D9 /* Info.plist */,
			);
			path = XBeacon;
			sourceTree = "<group>";
		};
		1E7757511B5B9AB2004EF4D9 /* XBeaconTests */ = {
			isa = PBXGroup;
			children = (
				1E7757521B5B9AB2004EF4D9 /* XBeaconTests.swift */,
				1E7757541B5B9AB2004EF4D9 /* Info.plist */,
			);
			path = XBeaconTests;
			sourceTree = "<group>";
		};
		1E77575C1B5B9AB3004EF4D9 /* XBeaconUITests */ = {
			isa = PBXGroup;
			children = (
				1E77575D1B5B9AB3004EF4D9 /* XBeaconUITests.swift */,
				1E77575F1B5B9AB3004EF4D9 /* Info.plist */,
			);
			path = XBeaconUITests;
			sourceTree = "<group>";
		};
/* End PBXGroup section */

/* Begin PBXNativeTarget section */
		1E7757391B5B9AB2004EF4D9 /* XBeacon */ = {
			isa = PBXNativeTarget;
			buildConfigurationList = 1E7757621B5B9AB3004EF4D9 /* Build configuration list for PBXNativeTarget "XBeacon" */;
			buildPhases = (
				1E7757361B5B9AB2004EF4D9 /* Sources */,
				1E7757371B5B9AB2004EF4D9 /* Frameworks */,
				1E7757381B5B9AB2004EF4D9 /* Resources */,
			);
			buildRules = (
			);
			dependencies = (
			);
			name = XBeacon;
			productName = XBeacon;
			productReference = 1E77573A1B5B9AB2004EF4D9 /* XBeacon.app */;
			productType = "com.apple.product-type.application";
		};
		1E77574D1B5B9AB2004EF4D9 /* XBeaconTests */ = {
			isa = PBXNativeTarget;
			buildConfigurationList = 1E7757651B5B9AB3004EF4D9 /* Build configuration list for PBXNativeTarget "XBeaconTests" */;
			buildPhases = (
				1E77574A1B5B9AB2004EF4D9 /* Sources */,
				1E77574B1B5B9AB2004EF4D9 /* Frameworks */,
				1E77574C1B5B9AB2004EF4D9 /* Resources */,
			);
			buildRules = (
			);
			dependencies = (
				1E7757501B5B9AB2004EF4D9 /* PBXTargetDependency */,
			);
			name = XBeaconTests;
			productName = XBeaconTests;
			productReference = 1E77574E1B5B9AB2004EF4D9 /* XBeaconTests.xctest */;
			productType = "com.apple.product-type.bundle.unit-test";
		};
		1E7757581B5B9AB3004EF4D9 /* XBeaconUITests */ = {
			isa = PBXNativeTarget;
			buildConfigurationList = 1E7757681B5B9AB3004EF4D9 /* Build configuration list for PBXNativeTarget "XBeaconUITests" */;
			buildPhases = (
				1E7757551B5B9AB3004EF4D9 /* Sources */,
				1E7757561B5B9AB3004EF4D9 /* Frameworks */,
				1E7757571B5B9AB3004EF4D9 /* Resources */,
			);
			buildRules = (
			);
			dependencies = (
				1E77575B1B5B9AB3004EF4D9 /* PBXTargetDependency */,
			);
			name = XBeaconUITests;
			productName = XBeaconUITests;
			productReference = 1E7757591B5B9AB3004EF4D9 /* XBeaconUITests.xctest */;
			productType = "com.apple.product-type.bundle.ui-testing";
		};
/* End PBXNativeTarget section */

/* Begin PBXProject section */
		1E7757321B5B9AB2004EF4D9 /* Project object */ = {
			isa = PBXProject;
			attributes = {
				LastUpgradeCheck = 0700;
				ORGANIZATIONNAME = zzj;
				TargetAttributes = {
					1E7757391B5B9AB2004EF4D9 = {
						CreatedOnToolsVersion = 7.0;
						SystemCapabilities = {
							com.apple.BackgroundModes = {
								enabled = 1;
							};
						};
					};
					1E77574D1B5B9AB2004EF4D9 = {
						CreatedOnToolsVersion = 7.0;
						TestTargetID = 1E7757391B5B9AB2004EF4D9;
					};
					1E7757581B5B9AB3004EF4D9 = {
						CreatedOnToolsVersion = 7.0;
						TestTargetID = 1E7757391B5B9AB2004EF4D9;
					};
				};
			};
			buildConfigurationList = 1E7757351B5B9AB2004EF4D9 /* Build configuration list for PBXProject "XBeacon" */;
			compatibilityVersion = "Xcode 3.2";
			developmentRegion = English;
			hasScannedForEncodings = 0;
			knownRegions = (
				en,
				Base,
			);
			mainGroup = 1E7757311B5B9AB2004EF4D9;
			productRefGroup = 1E77573B1B5B9AB2004EF4D9 /* Products */;
			projectDirPath = "";
			projectRoot = "";
			targets = (
				1E7757391B5B9AB2004EF4D9 /* XBeacon */,
				1E77574D1B5B9AB2004EF4D9 /* XBeaconTests */,
				1E7757581B5B9AB3004EF4D9 /* XBeaconUITests */,
			);
		};
/* End PBXProject section */

/* Begin PBXResourcesBuildPhase section */
		1E7757381B5B9AB2004EF4D9 /* Resources */ = {
			isa = PBXResourcesBuildPhase;
			buildActionMask = 2147483647;
			files = (
				1E7757481B5B9AB2004EF4D9 /* LaunchScreen.storyboard in Resources */,
				1E7757451B5B9AB2004EF4D9 /* Assets.xcassets in Resources */,
				1E7757431B5B9AB2004EF4D9 /* Main.storyboard in Resources */,
			);
			runOnlyForDeploymentPostprocessing = 0;
		};
		1E77574C1B5B9AB2004EF4D9 /* Resources */ = {
			isa = PBXResourcesBuildPhase;
			buildActionMask = 2147483647;
			files = (
			);
			runOnlyForDeploymentPostprocessing = 0;
		};
		1E7757571B5B9AB3004EF4D9 /* Resources */ = {
			isa = PBXResourcesBuildPhase;
			buildActionMask = 2147483647;
			files = (
			);
			runOnlyForDeploymentPostprocessing = 0;
		};
/* End PBXResourcesBuildPhase section */

/* Begin PBXSourcesBuildPhase section */
		1E7757361B5B9AB2004EF4D9 /* Sources */ = {
			isa = PBXSourcesBuildPhase;
			buildActionMask = 2147483647;
			files = (
				1E4B15481B5D2ACF009226D7 /* ArrayDataSource.swift in Sources */,
				1E7757401B5B9AB2004EF4D9 /* ViewController.swift in Sources */,
				1E4B154D1B5D46F2009226D7 /* RegionViewController.swift in Sources */,
				1E0637741B5CBB7C009E9063 /* XBeaconManager.swift in Sources */,
				1E4B154F1B5D492C009226D7 /* Utility.swift in Sources */,
				1E77573E1B5B9AB2004EF4D9 /* AppDelegate.swift in Sources */,
				1E4B154B1B5D46E5009226D7 /* AntiLostViewController.swift in Sources */,
				1E4B15461B5D25DF009226D7 /* XBTableViewController.swift in Sources */,
			);
			runOnlyForDeploymentPostprocessing = 0;
		};
		1E77574A1B5B9AB2004EF4D9 /* Sources */ = {
			isa = PBXSourcesBuildPhase;
			buildActionMask = 2147483647;
			files = (
				1E7757531B5B9AB2004EF4D9 /* XBeaconTests.swift in Sources */,
			);
			runOnlyForDeploymentPostprocessing = 0;
		};
		1E7757551B5B9AB3004EF4D9 /* Sources */ = {
			isa = PBXSourcesBuildPhase;
			buildActionMask = 2147483647;
			files = (
				1E77575E1B5B9AB3004EF4D9 /* XBeaconUITests.swift in Sources */,
			);
			runOnlyForDeploymentPostprocessing = 0;
		};
/* End PBXSourcesBuildPhase section */

/* Begin PBXTargetDependency section */
		1E7757501B5B9AB2004EF4D9 /* PBXTargetDependency */ = {
			isa = PBXTargetDependency;
			target = 1E7757391B5B9AB2004EF4D9 /* XBeacon */;
			targetProxy = 1E77574F1B5B9AB2004EF4D9 /* PBXContainerItemProxy */;
		};
		1E77575B1B5B9AB3004EF4D9 /* PBXTargetDependency */ = {
			isa = PBXTargetDependency;
			target = 1E7757391B5B9AB2004EF4D9 /* XBeacon */;
			targetProxy = 1E77575A1B5B9AB3004EF4D9 /* PBXContainerItemProxy */;
		};
/* End PBXTargetDependency section */

/* Begin PBXVariantGroup section */
		1E7757411B5B9AB2004EF4D9 /* Main.storyboard */ = {
			isa = PBXVariantGroup;
			children = (
				1E7757421B5B9AB2004EF4D9 /* Base */,
			);
			name = Main.storyboard;
			sourceTree = "<group>";
		};
		1E7757461B5B9AB2004EF4D9 /* LaunchScreen.storyboard */ = {
			isa = PBXVariantGroup;
			children = (
				1E7757471B5B9AB2004EF4D9 /* Base */,
			);
			name = LaunchScreen.storyboard;
			sourceTree = "<group>";
		};
/* End PBXVariantGroup section */

/* Begin XCBuildConfiguration section */
		1E7757601B5B9AB3004EF4D9 /* Debug */ = {
			isa = XCBuildConfiguration;
			buildSettings = {
				ALWAYS_SEARCH_USER_PATHS = NO;
				CLANG_CXX_LANGUAGE_STANDARD = "gnu++0x";
				CLANG_CXX_LIBRARY = "libc++";
				CLANG_ENABLE_MODULES = YES;
				CLANG_ENABLE_OBJC_ARC = YES;
				CLANG_WARN_BOOL_CONVERSION = YES;
				CLANG_WARN_CONSTANT_CONVERSION = YES;
				CLANG_WARN_DIRECT_OBJC_ISA_USAGE = YES_ERROR;
				CLANG_WARN_EMPTY_BODY = YES;
				CLANG_WARN_ENUM_CONVERSION = YES;
				CLANG_WARN_INT_CONVERSION = YES;
				CLANG_WARN_OBJC_ROOT_CLASS = YES_ERROR;
				CLANG_WARN_UNREACHABLE_CODE = YES;
				CLANG_WARN__DUPLICATE_METHOD_MATCH = YES;
				"CODE_SIGN_IDENTITY[sdk=iphoneos*]" = "iPhone Developer";
				COPY_PHASE_STRIP = NO;
				DEBUG_INFORMATION_FORMAT = dwarf;
				ENABLE_STRICT_OBJC_MSGSEND = YES;
				ENABLE_TESTABILITY = YES;
				GCC_C_LANGUAGE_STANDARD = gnu99;
				GCC_DYNAMIC_NO_PIC = NO;
				GCC_NO_COMMON_BLOCKS = YES;
				GCC_OPTIMIZATION_LEVEL = 0;
				GCC_PREPROCESSOR_DEFINITIONS = (
					"DEBUG=1",
					"$(inherited)",
				);
				GCC_WARN_64_TO_32_BIT_CONVERSION = YES;
				GCC_WARN_ABOUT_RETURN_TYPE = YES_ERROR;
				GCC_WARN_UNDECLARED_SELECTOR = YES;
				GCC_WARN_UNINITIALIZED_AUTOS = YES_AGGRESSIVE;
				GCC_WARN_UNUSED_FUNCTION = YES;
				GCC_WARN_UNUSED_VARIABLE = YES;
				IPHONEOS_DEPLOYMENT_TARGET = 9.0;
				MTL_ENABLE_DEBUG_INFO = YES;
				ONLY_ACTIVE_ARCH = YES;
				SDKROOT = iphoneos;
				SWIFT_OPTIMIZATION_LEVEL = "-Onone";
			};
			name = Debug;
		};
		1E7757611B5B9AB3004EF4D9 /* Release */ = {
			isa = XCBuildConfiguration;
			buildSettings = {
				ALWAYS_SEARCH_USER_PATHS = NO;
				CLANG_CXX_LANGUAGE_STANDARD = "gnu++0x";
				CLANG_CXX_LIBRARY = "libc++";
				CLANG_ENABLE_MODULES = YES;
				CLANG_ENABLE_OBJC_ARC = YES;
				CLANG_WARN_BOOL_CONVERSION = YES;
				CLANG_WARN_CONSTANT_CONVERSION = YES;
				CLANG_WARN_DIRECT_OBJC_ISA_USAGE = YES_ERROR;
				CLANG_WARN_EMPTY_BODY = YES;
				CLANG_WARN_ENUM_CONVERSION = YES;
				CLANG_WARN_INT_CONVERSION = YES;
				CLANG_WARN_OBJC_ROOT_CLASS = YES_ERROR;
				CLANG_WARN_UNREACHABLE_CODE = YES;
				CLANG_WARN__DUPLICATE_METHOD_MATCH = YES;
				"CODE_SIGN_IDENTITY[sdk=iphoneos*]" = "iPhone Developer";
				COPY_PHASE_STRIP = NO;
				DEBUG_INFORMATION_FORMAT = "dwarf-with-dsym";
				ENABLE_NS_ASSERTIONS = NO;
				ENABLE_STRICT_OBJC_MSGSEND = YES;
				GCC_C_LANGUAGE_STANDARD = gnu99;
				GCC_NO_COMMON_BLOCKS = YES;
				GCC_WARN_64_TO_32_BIT_CONVERSION = YES;
				GCC_WARN_ABOUT_RETURN_TYPE = YES_ERROR;
				GCC_WARN_UNDECLARED_SELECTOR = YES;
				GCC_WARN_UNINITIALIZED_AUTOS = YES_AGGRESSIVE;
				GCC_WARN_UNUSED_FUNCTION = YES;
				GCC_WARN_UNUSED_VARIABLE = YES;
				IPHONEOS_DEPLOYMENT_TARGET = 9.0;
				MTL_ENABLE_DEBUG_INFO = NO;
				SDKROOT = iphoneos;
				VALIDATE_PRODUCT = YES;
			};
			name = Release;
		};
		1E7757631B5B9AB3004EF4D9 /* Debug */ = {
			isa = XCBuildConfiguration;
			buildSettings = {
				ASSETCATALOG_COMPILER_APPICON_NAME = AppIcon;
				INFOPLIST_FILE = XBeacon/Info.plist;
				IPHONEOS_DEPLOYMENT_TARGET = 8.0;
				LD_RUNPATH_SEARCH_PATHS = "$(inherited) @executable_path/Frameworks";
				PRODUCT_BUNDLE_IDENTIFIER = com.zzj.XBeacon;
				PRODUCT_NAME = "$(TARGET_NAME)";
			};
			name = Debug;
		};
		1E7757641B5B9AB3004EF4D9 /* Release */ = {
			isa = XCBuildConfiguration;
			buildSettings = {
				ASSETCATALOG_COMPILER_APPICON_NAME = AppIcon;
				INFOPLIST_FILE = XBeacon/Info.plist;
				IPHONEOS_DEPLOYMENT_TARGET = 8.0;
				LD_RUNPATH_SEARCH_PATHS = "$(inherited) @executable_path/Frameworks";
				PRODUCT_BUNDLE_IDENTIFIER = com.zzj.XBeacon;
				PRODUCT_NAME = "$(TARGET_NAME)";
			};
			name = Release;
		};
		1E7757661B5B9AB3004EF4D9 /* Debug */ = {
			isa = XCBuildConfiguration;
			buildSettings = {
				BUNDLE_LOADER = "$(TEST_HOST)";
				INFOPLIST_FILE = XBeaconTests/Info.plist;
				LD_RUNPATH_SEARCH_PATHS = "$(inherited) @executable_path/Frameworks @loader_path/Frameworks";
				PRODUCT_BUNDLE_IDENTIFIER = com.zzj.XBeaconTests;
				PRODUCT_NAME = "$(TARGET_NAME)";
				TEST_HOST = "$(BUILT_PRODUCTS_DIR)/XBeacon.app/XBeacon";
			};
			name = Debug;
		};
		1E7757671B5B9AB3004EF4D9 /* Release */ = {
			isa = XCBuildConfiguration;
			buildSettings = {
				BUNDLE_LOADER = "$(TEST_HOST)";
				INFOPLIST_FILE = XBeaconTests/Info.plist;
				LD_RUNPATH_SEARCH_PATHS = "$(inherited) @executable_path/Frameworks @loader_path/Frameworks";
				PRODUCT_BUNDLE_IDENTIFIER = com.zzj.XBeaconTests;
				PRODUCT_NAME = "$(TARGET_NAME)";
				TEST_HOST = "$(BUILT_PRODUCTS_DIR)/XBeacon.app/XBeacon";
			};
			name = Release;
		};
		1E7757691B5B9AB3004EF4D9 /* Debug */ = {
			isa = XCBuildConfiguration;
			buildSettings = {
				INFOPLIST_FILE = XBeaconUITests/Info.plist;
				LD_RUNPATH_SEARCH_PATHS = "$(inherited) @executable_path/Frameworks @loader_path/Frameworks";
				PRODUCT_BUNDLE_IDENTIFIER = com.zzj.XBeaconUITests;
				PRODUCT_NAME = "$(TARGET_NAME)";
				TEST_TARGET_NAME = XBeacon;
				USES_XCTRUNNER = YES;
			};
			name = Debug;
		};
		1E77576A1B5B9AB3004EF4D9 /* Release */ = {
			isa = XCBuildConfiguration;
			buildSettings = {
				INFOPLIST_FILE = XBeaconUITests/Info.plist;
				LD_RUNPATH_SEARCH_PATHS = "$(inherited) @executable_path/Frameworks @loader_path/Frameworks";
				PRODUCT_BUNDLE_IDENTIFIER = com.zzj.XBeaconUITests;
				PRODUCT_NAME = "$(TARGET_NAME)";
				TEST_TARGET_NAME = XBeacon;
				USES_XCTRUNNER = YES;
			};
			name = Release;
		};
/* End XCBuildConfiguration section */

/* Begin XCConfigurationList section */
		1E7757351B5B9AB2004EF4D9 /* Build configuration list for PBXProject "XBeacon" */ = {
			isa = XCConfigurationList;
			buildConfigurations = (
				1E7757601B5B9AB3004EF4D9 /* Debug */,
				1E7757611B5B9AB3004EF4D9 /* Release */,
			);
			defaultConfigurationIsVisible = 0;
			defaultConfigurationName = Release;
		};
		1E7757621B5B9AB3004EF4D9 /* Build configuration list for PBXNativeTarget "XBeacon" */ = {
			isa = XCConfigurationList;
			buildConfigurations = (
				1E7757631B5B9AB3004EF4D9 /* Debug */,
				1E7757641B5B9AB3004EF4D9 /* Release */,
			);
			defaultConfigurationIsVisible = 0;
			defaultConfigurationName = Release;
		};
		1E7757651B5B9AB3004EF4D9 /* Build configuration list for PBXNativeTarget "XBeaconTests" */ = {
			isa = XCConfigurationList;
			buildConfigurations = (
				1E7757661B5B9AB3004EF4D9 /* Debug */,
				1E7757671B5B9AB3004EF4D9 /* Release */,
			);
			defaultConfigurationIsVisible = 0;
			defaultConfigurationName = Release;
		};
		1E7757681B5B9AB3004EF4D9 /* Build configuration list for PBXNativeTarget "XBeaconUITests" */ = {
			isa = XCConfigurationList;
			buildConfigurations = (
				1E7757691B5B9AB3004EF4D9 /* Debug */,
				1E77576A1B5B9AB3004EF4D9 /* Release */,
			);
			defaultConfigurationIsVisible = 0;
			defaultConfigurationName = Release;
		};
/* End XCConfigurationList section */
	};
	rootObject = 1E7757321B5B9AB2004EF4D9 /* Project object */;
}
